
Microsoft Visual Studio Solution File, Format Version 12.00
# Visual Studio Version 16
VisualStudioVersion = 16.0.810.7
MinimumVisualStudioVersion = 10.0.40219.1
Project("{FAE04EC0-301F-11D3-BF4B-00C04F79EFBC}") = "EazziCab", "EazziCab\EazziCab.csproj", "{C793FB90-F8BC-4ACA-93BC-002235D0E49F}"
EndProject
Global
	GlobalSection(SolutionConfigurationPlatforms) = preSolution
		Debug|Any CPU = Debug|Any CPU
		Release|Any CPU = Release|Any CPU
	EndGlobalSection
	GlobalSection(ProjectConfigurationPlatforms) = postSolution
		{C793FB90-F8BC-4ACA-93BC-002235D0E49F}.Debug|Any CPU.ActiveCfg = Debug|Any CPU
		{C793FB90-F8BC-4ACA-93BC-002235D0E49F}.Debug|Any CPU.Build.0 = Debug|Any CPU
		{C793FB90-F8BC-4ACA-93BC-002235D0E49F}.Release|Any CPU.ActiveCfg = Release|Any CPU
		{C793FB90-F8BC-4ACA-93BC-002235D0E49F}.Release|Any CPU.Build.0 = Release|Any CPU
	EndGlobalSection
	GlobalSection(SolutionProperties) = preSolution
		HideSolutionNode = FALSE
	EndGlobalSection
	GlobalSection(ExtensibilityGlobals) = postSolution
		SolutionGuid = {067B99B4-EC2F-41D5-B87F-51606B2B118F}
	EndGlobalSection
EndGlobal
